
Microsoft Visual Studio Solution File, Format Version 12.00
# Visual Studio 15
VisualStudioVersion = 15.0.27428.2043
MinimumVisualStudioVersion = 10.0.40219.1
Project("{FAE04EC0-301F-11D3-BF4B-00C04F79EFBC}") = "day_4", "day_4\day_4.csproj", "{100E0FA3-5FA9-4028-9DA9-C8E651EBAFFE}"
EndProject
Global
	GlobalSection(SolutionConfigurationPlatforms) = preSolution
		Debug|Any CPU = Debug|Any CPU
		Release|Any CPU = Release|Any CPU
	EndGlobalSection
	GlobalSection(ProjectConfigurationPlatforms) = postSolution
		{100E0FA3-5FA9-4028-9DA9-C8E651EBAFFE}.Debug|Any CPU.ActiveCfg = Debug|Any CPU
		{100E0FA3-5FA9-4028-9DA9-C8E651EBAFFE}.Debug|Any CPU.Build.0 = Debug|Any CPU
		{100E0FA3-5FA9-4028-9DA9-C8E651EBAFFE}.Release|Any CPU.ActiveCfg = Release|Any CPU
		{100E0FA3-5FA9-4028-9DA9-C8E651EBAFFE}.Release|Any CPU.Build.0 = Release|Any CPU
	EndGlobalSection
	GlobalSection(SolutionProperties) = preSolution
		HideSolutionNode = FALSE
	EndGlobalSection
	GlobalSection(ExtensibilityGlobals) = postSolution
		SolutionGuid = {DBFF2A76-39B4-40CE-A1C5-9577DEBC411B}
	EndGlobalSection
EndGlobal
